
Microsoft Visual Studio Solution File, Format Version 12.00
# Visual Studio Version 16
VisualStudioVersion = 16.0.31005.135
MinimumVisualStudioVersion = 10.0.40219.1
Project("{FAE04EC0-301F-11D3-BF4B-00C04F79EFBC}") = "Secret", "Secret\Secret.csproj", "{7129E0E2-5A26-4758-A71F-3544FBA8D2CC}"
EndProject
Global
	GlobalSection(SolutionConfigurationPlatforms) = preSolution
		Debug|Any CPU = Debug|Any CPU
		Release|Any CPU = Release|Any CPU
	EndGlobalSection
	GlobalSection(ProjectConfigurationPlatforms) = postSolution
		{7129E0E2-5A26-4758-A71F-3544FBA8D2CC}.Debug|Any CPU.ActiveCfg = Debug|Any CPU
		{7129E0E2-5A26-4758-A71F-3544FBA8D2CC}.Debug|Any CPU.Build.0 = Debug|Any CPU
		{7129E0E2-5A26-4758-A71F-3544FBA8D2CC}.Release|Any CPU.ActiveCfg = Release|Any CPU
		{7129E0E2-5A26-4758-A71F-3544FBA8D2CC}.Release|Any CPU.Build.0 = Release|Any CPU
	EndGlobalSection
	GlobalSection(SolutionProperties) = preSolution
		HideSolutionNode = FALSE
	EndGlobalSection
	GlobalSection(ExtensibilityGlobals) = postSolution
		SolutionGuid = {98F8396B-A913-4C27-8F81-7AE5EF43D087}
	EndGlobalSection
EndGlobal
